
Microsoft Visual Studio Solution File, Format Version 11.00
# Visual Studio 2010
Project("{FAE04EC0-301F-11D3-BF4B-00C04F79EFBC}") = "PageantSharp", "PageantSharp\PageantSharp.csproj", "{9163B6B6-0603-4C6E-BC67-7111ED8CDDE1}"
EndProject
Project("{FAE04EC0-301F-11D3-BF4B-00C04F79EFBC}") = "PageantSharpTestProject", "PageantSharpTestProject\PageantSharpTestProject.csproj", "{B6F1C2B9-DFB8-47F1-A59E-83659124327A}"
EndProject
Project("{2150E333-8FDC-42A3-9474-1A3956D46DE8}") = "Solution Items", "Solution Items", "{3864BC30-F467-4F17-A888-167A3F4E3B8E}"
	ProjectSection(SolutionItems) = preProject
		Local.testsettings = Local.testsettings
		PageantSharp.vsmdi = PageantSharp.vsmdi
		readme.md = readme.md
		TraceAndTestImpact.testsettings = TraceAndTestImpact.testsettings
	EndProjectSection
EndProject
Project("{FAE04EC0-301F-11D3-BF4B-00C04F79EFBC}") = "PageantSharp35", "PageantSharp\PageantSharp35.csproj", "{10DAC96A-EE43-4958-A8D7-16F84D2092BF}"
EndProject
Global
	GlobalSection(TestCaseManagementSettings) = postSolution
		CategoryFile = PageantSharp.vsmdi
	EndGlobalSection
	GlobalSection(SolutionConfigurationPlatforms) = preSolution
		Debug|Any CPU = Debug|Any CPU
		Debug|Mixed Platforms = Debug|Mixed Platforms
		Debug|x86 = Debug|x86
		Release|Any CPU = Release|Any CPU
		Release|Mixed Platforms = Release|Mixed Platforms
		Release|x86 = Release|x86
	EndGlobalSection
	GlobalSection(ProjectConfigurationPlatforms) = postSolution
		{9163B6B6-0603-4C6E-BC67-7111ED8CDDE1}.Debug|Any CPU.ActiveCfg = Release|Any CPU
		{9163B6B6-0603-4C6E-BC67-7111ED8CDDE1}.Debug|Any CPU.Build.0 = Release|Any CPU
		{9163B6B6-0603-4C6E-BC67-7111ED8CDDE1}.Debug|Mixed Platforms.ActiveCfg = Debug|x86
		{9163B6B6-0603-4C6E-BC67-7111ED8CDDE1}.Debug|Mixed Platforms.Build.0 = Debug|x86
		{9163B6B6-0603-4C6E-BC67-7111ED8CDDE1}.Debug|x86.ActiveCfg = Debug|x86
		{9163B6B6-0603-4C6E-BC67-7111ED8CDDE1}.Debug|x86.Build.0 = Debug|x86
		{9163B6B6-0603-4C6E-BC67-7111ED8CDDE1}.Release|Any CPU.ActiveCfg = Release|Any CPU
		{9163B6B6-0603-4C6E-BC67-7111ED8CDDE1}.Release|Any CPU.Build.0 = Release|Any CPU
		{9163B6B6-0603-4C6E-BC67-7111ED8CDDE1}.Release|Mixed Platforms.ActiveCfg = Release|x86
		{9163B6B6-0603-4C6E-BC67-7111ED8CDDE1}.Release|Mixed Platforms.Build.0 = Release|x86
		{9163B6B6-0603-4C6E-BC67-7111ED8CDDE1}.Release|x86.ActiveCfg = Release|x86
		{9163B6B6-0603-4C6E-BC67-7111ED8CDDE1}.Release|x86.Build.0 = Release|x86
		{B6F1C2B9-DFB8-47F1-A59E-83659124327A}.Debug|Any CPU.ActiveCfg = Release|Any CPU
		{B6F1C2B9-DFB8-47F1-A59E-83659124327A}.Debug|Any CPU.Build.0 = Release|Any CPU
		{B6F1C2B9-DFB8-47F1-A59E-83659124327A}.Debug|Mixed Platforms.ActiveCfg = Debug|Any CPU
		{B6F1C2B9-DFB8-47F1-A59E-83659124327A}.Debug|Mixed Platforms.Build.0 = Debug|Any CPU
		{B6F1C2B9-DFB8-47F1-A59E-83659124327A}.Debug|x86.ActiveCfg = Debug|Any CPU
		{B6F1C2B9-DFB8-47F1-A59E-83659124327A}.Release|Any CPU.ActiveCfg = Release|Any CPU
		{B6F1C2B9-DFB8-47F1-A59E-83659124327A}.Release|Mixed Platforms.ActiveCfg = Release|Any CPU
		{B6F1C2B9-DFB8-47F1-A59E-83659124327A}.Release|Mixed Platforms.Build.0 = Release|Any CPU
		{B6F1C2B9-DFB8-47F1-A59E-83659124327A}.Release|x86.ActiveCfg = Release|Any CPU
		{10DAC96A-EE43-4958-A8D7-16F84D2092BF}.Debug|Any CPU.ActiveCfg = Release|Any CPU
		{10DAC96A-EE43-4958-A8D7-16F84D2092BF}.Debug|Any CPU.Build.0 = Release|Any CPU
		{10DAC96A-EE43-4958-A8D7-16F84D2092BF}.Debug|Mixed Platforms.ActiveCfg = Debug|x86
		{10DAC96A-EE43-4958-A8D7-16F84D2092BF}.Debug|x86.ActiveCfg = Debug|x86
		{10DAC96A-EE43-4958-A8D7-16F84D2092BF}.Debug|x86.Build.0 = Debug|x86
		{10DAC96A-EE43-4958-A8D7-16F84D2092BF}.Release|Any CPU.ActiveCfg = Release|Any CPU
		{10DAC96A-EE43-4958-A8D7-16F84D2092BF}.Release|Any CPU.Build.0 = Release|Any CPU
		{10DAC96A-EE43-4958-A8D7-16F84D2092BF}.Release|Mixed Platforms.ActiveCfg = Release|x86
		{10DAC96A-EE43-4958-A8D7-16F84D2092BF}.Release|x86.ActiveCfg = Release|x86
		{10DAC96A-EE43-4958-A8D7-16F84D2092BF}.Release|x86.Build.0 = Release|x86
	EndGlobalSection
	GlobalSection(SolutionProperties) = preSolution
		HideSolutionNode = FALSE
	EndGlobalSection
EndGlobal
