
Microsoft Visual Studio Solution File, Format Version 11.00
# Visual Studio 2010
Project("{FAE04EC0-301F-11D3-BF4B-00C04F79EFBC}") = "PageantSharp", "PageantSharp\PageantSharp.csproj", "{9163B6B6-0603-4C6E-BC67-7111ED8CDDE1}"
EndProject
Project("{2150E333-8FDC-42A3-9474-1A3956D46DE8}") = "Solution Items", "Solution Items", "{3864BC30-F467-4F17-A888-167A3F4E3B8E}"
	ProjectSection(SolutionItems) = preProject
		Local.testsettings = Local.testsettings
		PageantSharp.vsmdi = PageantSharp.vsmdi
		readme.md = readme.md
		TraceAndTestImpact.testsettings = TraceAndTestImpact.testsettings
	EndProjectSection
EndProject
Project("{FAE04EC0-301F-11D3-BF4B-00C04F79EFBC}") = "PageantSharpNUnitTest", "PageantSharpNUnitTest\PageantSharpNUnitTest.csproj", "{4C052A55-5F53-4756-AC2C-103EE602E60F}"
EndProject
Global
	GlobalSection(SolutionConfigurationPlatforms) = preSolution
		Debug|Any CPU = Debug|Any CPU
		Debug|Mixed Platforms = Debug|Mixed Platforms
		Debug|x86 = Debug|x86
		Release|Any CPU = Release|Any CPU
		Release|Mixed Platforms = Release|Mixed Platforms
		Release|x86 = Release|x86
	EndGlobalSection
	GlobalSection(ProjectConfigurationPlatforms) = postSolution
		{4C052A55-5F53-4756-AC2C-103EE602E60F}.Debug|Any CPU.ActiveCfg = Debug|Any CPU
		{4C052A55-5F53-4756-AC2C-103EE602E60F}.Debug|Any CPU.Build.0 = Debug|Any CPU
		{4C052A55-5F53-4756-AC2C-103EE602E60F}.Debug|Mixed Platforms.ActiveCfg = Debug|Any CPU
		{4C052A55-5F53-4756-AC2C-103EE602E60F}.Debug|Mixed Platforms.Build.0 = Debug|Any CPU
		{4C052A55-5F53-4756-AC2C-103EE602E60F}.Debug|x86.ActiveCfg = Debug|Any CPU
		{4C052A55-5F53-4756-AC2C-103EE602E60F}.Debug|x86.Build.0 = Debug|Any CPU
		{4C052A55-5F53-4756-AC2C-103EE602E60F}.Release|Any CPU.ActiveCfg = Release|Any CPU
		{4C052A55-5F53-4756-AC2C-103EE602E60F}.Release|Any CPU.Build.0 = Release|Any CPU
		{4C052A55-5F53-4756-AC2C-103EE602E60F}.Release|Mixed Platforms.ActiveCfg = Release|Any CPU
		{4C052A55-5F53-4756-AC2C-103EE602E60F}.Release|Mixed Platforms.Build.0 = Release|Any CPU
		{4C052A55-5F53-4756-AC2C-103EE602E60F}.Release|x86.ActiveCfg = Release|Any CPU
		{4C052A55-5F53-4756-AC2C-103EE602E60F}.Release|x86.Build.0 = Release|Any CPU
		{9163B6B6-0603-4C6E-BC67-7111ED8CDDE1}.Debug|Any CPU.ActiveCfg = Debug|Any CPU
		{9163B6B6-0603-4C6E-BC67-7111ED8CDDE1}.Debug|Any CPU.Build.0 = Debug|Any CPU
		{9163B6B6-0603-4C6E-BC67-7111ED8CDDE1}.Debug|Mixed Platforms.ActiveCfg = Debug|Any CPU
		{9163B6B6-0603-4C6E-BC67-7111ED8CDDE1}.Debug|Mixed Platforms.Build.0 = Debug|Any CPU
		{9163B6B6-0603-4C6E-BC67-7111ED8CDDE1}.Debug|x86.ActiveCfg = Debug|x86
		{9163B6B6-0603-4C6E-BC67-7111ED8CDDE1}.Debug|x86.Build.0 = Debug|x86
		{9163B6B6-0603-4C6E-BC67-7111ED8CDDE1}.Release|Any CPU.ActiveCfg = Release|Any CPU
		{9163B6B6-0603-4C6E-BC67-7111ED8CDDE1}.Release|Any CPU.Build.0 = Release|Any CPU
		{9163B6B6-0603-4C6E-BC67-7111ED8CDDE1}.Release|Mixed Platforms.ActiveCfg = Release|x86
		{9163B6B6-0603-4C6E-BC67-7111ED8CDDE1}.Release|Mixed Platforms.Build.0 = Release|x86
		{9163B6B6-0603-4C6E-BC67-7111ED8CDDE1}.Release|x86.ActiveCfg = Release|x86
		{9163B6B6-0603-4C6E-BC67-7111ED8CDDE1}.Release|x86.Build.0 = Release|x86
	EndGlobalSection
	GlobalSection(NestedProjects) = preSolution
	EndGlobalSection
	GlobalSection(MonoDevelopProperties) = preSolution
		StartupItem = PageantSharp\PageantSharp.csproj
		Policies = $0
		$0.DotNetNamingPolicy = $1
		$1.DirectoryNamespaceAssociation = None
		$1.ResourceNamePolicy = FileFormatDefault
		$0.TextStylePolicy = $2
		$2.inheritsSet = null
		$2.scope = text/x-csharp
		$0.CSharpFormattingPolicy = $3
		$3.IndentSwitchBody = True
		$3.ElseIfNewLinePlacement = SameLine
		$3.BeforeMethodDeclarationParentheses = False
		$3.BeforeMethodCallParentheses = False
		$3.BeforeConstructorDeclarationParentheses = False
		$3.BeforeIndexerDeclarationBracket = False
		$3.BeforeDelegateDeclarationParentheses = False
		$3.NewParentheses = False
		$3.SpacesBeforeBrackets = False
		$3.inheritsSet = Mono
		$3.inheritsScope = text/x-csharp
		$3.scope = text/x-csharp
		$0.TextStylePolicy = $4
		$4.TabWidth = 2
		$4.IndentWidth = 2
		$4.NoTabsAfterNonTabs = True
		$4.EolMarker = Windows
		$4.inheritsSet = VisualStudio
		$4.inheritsScope = text/plain
		$4.scope = text/plain
	EndGlobalSection
	GlobalSection(TestCaseManagementSettings) = postSolution
		CategoryFile = PageantSharp.vsmdi
	EndGlobalSection
	GlobalSection(SolutionProperties) = preSolution
		HideSolutionNode = FALSE
	EndGlobalSection
EndGlobal
