
Microsoft Visual Studio Solution File, Format Version 12.00
# Visual Studio 15
VisualStudioVersion = 15.0.26020.0
MinimumVisualStudioVersion = 10.0.40219.1
Project("{FAE04EC0-301F-11D3-BF4B-00C04F79EFBC}") = "SshAgentLib", "SshAgentLib\SshAgentLib.csproj", "{9163B6B6-0603-4C6E-BC67-7111ED8CDDE1}"
EndProject
Project("{2150E333-8FDC-42A3-9474-1A3956D46DE8}") = "Solution Items", "Solution Items", "{3864BC30-F467-4F17-A888-167A3F4E3B8E}"
	ProjectSection(SolutionItems) = preProject
		readme.md = readme.md
	EndProjectSection
EndProject
Project("{FAE04EC0-301F-11D3-BF4B-00C04F79EFBC}") = "SshAgentLibTests", "SshAgentLibTests\SshAgentLibTests.csproj", "{4C052A55-5F53-4756-AC2C-103EE602E60F}"
EndProject
Project("{FAE04EC0-301F-11D3-BF4B-00C04F79EFBC}") = "SshAgentLib.Ui.Common", "Ui\Common\SshAgentLib.Ui.Common.csproj", "{BB935336-BEB1-4AE2-9929-CF7E6BBA53EE}"
EndProject
Project("{FAE04EC0-301F-11D3-BF4B-00C04F79EFBC}") = "SshAgentLib.Ui.WinForms", "Ui\WinForms\SshAgentLib.Ui.WinForms.csproj", "{3BEB6FAE-B14D-4281-8168-DB2A4A0C5FC4}"
EndProject
Project("{9344BDBB-3E7F-41FC-A0DD-8665D75EE146}") = "SshAgentLib.Ui.GTK", "Ui\Gtk\SshAgentLib.Ui.GTK.csproj", "{1B18BA1F-D0D1-4CB0-9567-F13513632F8E}"
EndProject
Project("{9344BDBB-3E7F-41FC-A0DD-8665D75EE146}") = "SshAgentLib.Ui.Qt", "Ui\Qt\SshAgentLib.Ui.Qt.csproj", "{A74FA48F-5EA3-4BFD-90D6-E7FE4A9B3EF2}"
EndProject
Project("{9344BDBB-3E7F-41FC-A0DD-8665D75EE146}") = "SshAgentLib.Ui.Qt.Demo", "Ui\Qt.Demo\SshAgentLib.Ui.Qt.Demo.csproj", "{9A44557B-5DE0-48D7-A777-20025B6A2462}"
EndProject
Global
	GlobalSection(SolutionConfigurationPlatforms) = preSolution
		Debug|Any CPU = Debug|Any CPU
		Release|Any CPU = Release|Any CPU
	EndGlobalSection
	GlobalSection(ProjectConfigurationPlatforms) = postSolution
		{9163B6B6-0603-4C6E-BC67-7111ED8CDDE1}.Debug|Any CPU.ActiveCfg = Debug|Any CPU
		{9163B6B6-0603-4C6E-BC67-7111ED8CDDE1}.Debug|Any CPU.Build.0 = Debug|Any CPU
		{9163B6B6-0603-4C6E-BC67-7111ED8CDDE1}.Release|Any CPU.ActiveCfg = Release|Any CPU
		{9163B6B6-0603-4C6E-BC67-7111ED8CDDE1}.Release|Any CPU.Build.0 = Release|Any CPU
		{4C052A55-5F53-4756-AC2C-103EE602E60F}.Debug|Any CPU.ActiveCfg = Debug|Any CPU
		{4C052A55-5F53-4756-AC2C-103EE602E60F}.Debug|Any CPU.Build.0 = Debug|Any CPU
		{4C052A55-5F53-4756-AC2C-103EE602E60F}.Release|Any CPU.ActiveCfg = Release|Any CPU
		{4C052A55-5F53-4756-AC2C-103EE602E60F}.Release|Any CPU.Build.0 = Release|Any CPU
		{BB935336-BEB1-4AE2-9929-CF7E6BBA53EE}.Debug|Any CPU.ActiveCfg = Debug|Any CPU
		{BB935336-BEB1-4AE2-9929-CF7E6BBA53EE}.Debug|Any CPU.Build.0 = Debug|Any CPU
		{BB935336-BEB1-4AE2-9929-CF7E6BBA53EE}.Release|Any CPU.ActiveCfg = Release|Any CPU
		{BB935336-BEB1-4AE2-9929-CF7E6BBA53EE}.Release|Any CPU.Build.0 = Release|Any CPU
		{3BEB6FAE-B14D-4281-8168-DB2A4A0C5FC4}.Debug|Any CPU.ActiveCfg = Debug|Any CPU
		{3BEB6FAE-B14D-4281-8168-DB2A4A0C5FC4}.Debug|Any CPU.Build.0 = Debug|Any CPU
		{3BEB6FAE-B14D-4281-8168-DB2A4A0C5FC4}.Release|Any CPU.ActiveCfg = Release|Any CPU
		{3BEB6FAE-B14D-4281-8168-DB2A4A0C5FC4}.Release|Any CPU.Build.0 = Release|Any CPU
		{1B18BA1F-D0D1-4CB0-9567-F13513632F8E}.Debug|Any CPU.ActiveCfg = Debug|Any CPU
		{1B18BA1F-D0D1-4CB0-9567-F13513632F8E}.Debug|Any CPU.Build.0 = Debug|Any CPU
		{1B18BA1F-D0D1-4CB0-9567-F13513632F8E}.Release|Any CPU.ActiveCfg = Release|Any CPU
		{1B18BA1F-D0D1-4CB0-9567-F13513632F8E}.Release|Any CPU.Build.0 = Release|Any CPU
		{A74FA48F-5EA3-4BFD-90D6-E7FE4A9B3EF2}.Debug|Any CPU.ActiveCfg = Debug|Any CPU
		{A74FA48F-5EA3-4BFD-90D6-E7FE4A9B3EF2}.Debug|Any CPU.Build.0 = Debug|Any CPU
		{A74FA48F-5EA3-4BFD-90D6-E7FE4A9B3EF2}.Release|Any CPU.ActiveCfg = Release|Any CPU
		{A74FA48F-5EA3-4BFD-90D6-E7FE4A9B3EF2}.Release|Any CPU.Build.0 = Release|Any CPU
		{9A44557B-5DE0-48D7-A777-20025B6A2462}.Debug|Any CPU.ActiveCfg = Debug|Any CPU
		{9A44557B-5DE0-48D7-A777-20025B6A2462}.Debug|Any CPU.Build.0 = Debug|Any CPU
		{9A44557B-5DE0-48D7-A777-20025B6A2462}.Release|Any CPU.ActiveCfg = Release|Any CPU
		{9A44557B-5DE0-48D7-A777-20025B6A2462}.Release|Any CPU.Build.0 = Release|Any CPU
	EndGlobalSection
	GlobalSection(SolutionProperties) = preSolution
		HideSolutionNode = FALSE
	EndGlobalSection
	GlobalSection(MonoDevelopProperties) = preSolution
		Policies = $0
		$0.DotNetNamingPolicy = $1
		$1.DirectoryNamespaceAssociation = None
		$1.ResourceNamePolicy = FileFormatDefault
		$0.TextStylePolicy = $13
		$13.FileWidth = 120
		$13.TabsToSpaces = False
		$13.inheritsSet = null
		$13.inheritsScope = text/plain
		$13.scope = text/x-csharp
		$0.CSharpFormattingPolicy = $14
		$14.IndentSwitchSection = True
		$14.inheritsSet = Mono
		$14.inheritsScope = text/x-csharp
		$14.scope = text/x-csharp
		$14.SpacingAfterMethodDeclarationName = False
		$14.SpaceAfterMethodCallName = False
		$14.SpaceBeforeOpenSquareBracket = False
		version = 0.7.7
		StartupItem = Ui\Qt.Demo\SshAgentLib.Ui.Qt.Demo.csproj
	EndGlobalSection
EndGlobal
