
Microsoft Visual Studio Solution File, Format Version 11.00
# Visual Studio 2010
Project("{FAE04EC0-301F-11D3-BF4B-00C04F79EFBC}") = "SshAgentLib", "SshAgentLib\SshAgentLib.csproj", "{9163B6B6-0603-4C6E-BC67-7111ED8CDDE1}"
EndProject
Project("{2150E333-8FDC-42A3-9474-1A3956D46DE8}") = "Solution Items", "Solution Items", "{3864BC30-F467-4F17-A888-167A3F4E3B8E}"
	ProjectSection(SolutionItems) = preProject
		readme.md = readme.md
	EndProjectSection
EndProject
Project("{FAE04EC0-301F-11D3-BF4B-00C04F79EFBC}") = "SshAgentLibTests", "SshAgentLibTests\SshAgentLibTests.csproj", "{4C052A55-5F53-4756-AC2C-103EE602E60F}"
EndProject
Project("{FAE04EC0-301F-11D3-BF4B-00C04F79EFBC}") = "SshAgentLib.Ui.Common", "Ui\Common\SshAgentLib.Ui.Common.csproj", "{BB935336-BEB1-4AE2-9929-CF7E6BBA53EE}"
EndProject
Project("{FAE04EC0-301F-11D3-BF4B-00C04F79EFBC}") = "SshAgentLib.Ui.GTK", "Ui\Gtk\SshAgentLib.Ui.GTK.csproj", "{D9797E08-73FA-4F41-AB34-789F1BB68F07}"
EndProject
Project("{FAE04EC0-301F-11D3-BF4B-00C04F79EFBC}") = "SshAgentLib.Ui.Qt", "Ui\Qt\SshAgentLib.Ui.Qt.csproj", "{71DDF18D-2CA7-46E3-866C-6CC7294E0B69}"
EndProject
Project("{FAE04EC0-301F-11D3-BF4B-00C04F79EFBC}") = "SshAgentLib.Ui.Qt.Demo", "Ui\Qt.Demo\SshAgentLib.Ui.Qt.Demo.csproj", "{703E9787-06B8-45EB-881B-6251F0AB845E}"
EndProject
Project("{FAE04EC0-301F-11D3-BF4B-00C04F79EFBC}") = "SshAgentLib.Ui.WinForms", "Ui\WinForms\SshAgentLib.Ui.WinForms.csproj", "{3BEB6FAE-B14D-4281-8168-DB2A4A0C5FC4}"
EndProject
Global
	GlobalSection(SolutionConfigurationPlatforms) = preSolution
		Debug|Any CPU = Debug|Any CPU
		Release|Any CPU = Release|Any CPU
	EndGlobalSection
	GlobalSection(ProjectConfigurationPlatforms) = postSolution
		{3BEB6FAE-B14D-4281-8168-DB2A4A0C5FC4}.Debug|Any CPU.ActiveCfg = Debug|Any CPU
		{3BEB6FAE-B14D-4281-8168-DB2A4A0C5FC4}.Debug|Any CPU.Build.0 = Debug|Any CPU
		{3BEB6FAE-B14D-4281-8168-DB2A4A0C5FC4}.Release|Any CPU.ActiveCfg = Release|Any CPU
		{3BEB6FAE-B14D-4281-8168-DB2A4A0C5FC4}.Release|Any CPU.Build.0 = Release|Any CPU
		{4C052A55-5F53-4756-AC2C-103EE602E60F}.Debug|Any CPU.ActiveCfg = Debug|Any CPU
		{4C052A55-5F53-4756-AC2C-103EE602E60F}.Debug|Any CPU.Build.0 = Debug|Any CPU
		{4C052A55-5F53-4756-AC2C-103EE602E60F}.Release|Any CPU.ActiveCfg = Release|Any CPU
		{4C052A55-5F53-4756-AC2C-103EE602E60F}.Release|Any CPU.Build.0 = Release|Any CPU
		{703E9787-06B8-45EB-881B-6251F0AB845E}.Debug|Any CPU.ActiveCfg = Debug|Any CPU
		{703E9787-06B8-45EB-881B-6251F0AB845E}.Debug|Any CPU.Build.0 = Debug|Any CPU
		{703E9787-06B8-45EB-881B-6251F0AB845E}.Release|Any CPU.ActiveCfg = Release|Any CPU
		{703E9787-06B8-45EB-881B-6251F0AB845E}.Release|Any CPU.Build.0 = Release|Any CPU
		{71DDF18D-2CA7-46E3-866C-6CC7294E0B69}.Debug|Any CPU.ActiveCfg = Debug|Any CPU
		{71DDF18D-2CA7-46E3-866C-6CC7294E0B69}.Debug|Any CPU.Build.0 = Debug|Any CPU
		{71DDF18D-2CA7-46E3-866C-6CC7294E0B69}.Release|Any CPU.ActiveCfg = Release|Any CPU
		{71DDF18D-2CA7-46E3-866C-6CC7294E0B69}.Release|Any CPU.Build.0 = Release|Any CPU
		{9163B6B6-0603-4C6E-BC67-7111ED8CDDE1}.Debug|Any CPU.ActiveCfg = Debug|Any CPU
		{9163B6B6-0603-4C6E-BC67-7111ED8CDDE1}.Debug|Any CPU.Build.0 = Debug|Any CPU
		{9163B6B6-0603-4C6E-BC67-7111ED8CDDE1}.Release|Any CPU.ActiveCfg = Release|Any CPU
		{9163B6B6-0603-4C6E-BC67-7111ED8CDDE1}.Release|Any CPU.Build.0 = Release|Any CPU
		{BB935336-BEB1-4AE2-9929-CF7E6BBA53EE}.Debug|Any CPU.ActiveCfg = Debug|Any CPU
		{BB935336-BEB1-4AE2-9929-CF7E6BBA53EE}.Debug|Any CPU.Build.0 = Debug|Any CPU
		{BB935336-BEB1-4AE2-9929-CF7E6BBA53EE}.Release|Any CPU.ActiveCfg = Release|Any CPU
		{BB935336-BEB1-4AE2-9929-CF7E6BBA53EE}.Release|Any CPU.Build.0 = Release|Any CPU
		{D9797E08-73FA-4F41-AB34-789F1BB68F07}.Debug|Any CPU.ActiveCfg = Debug|Any CPU
		{D9797E08-73FA-4F41-AB34-789F1BB68F07}.Debug|Any CPU.Build.0 = Debug|Any CPU
		{D9797E08-73FA-4F41-AB34-789F1BB68F07}.Release|Any CPU.ActiveCfg = Release|Any CPU
		{D9797E08-73FA-4F41-AB34-789F1BB68F07}.Release|Any CPU.Build.0 = Release|Any CPU
	EndGlobalSection
	GlobalSection(NestedProjects) = preSolution
	EndGlobalSection
	GlobalSection(MonoDevelopProperties) = preSolution
		StartupItem = Ui\Qt.Demo\SshAgentLib.Ui.Qt.Demo.csproj
		Policies = $0
		$0.DotNetNamingPolicy = $1
		$1.DirectoryNamespaceAssociation = None
		$1.ResourceNamePolicy = FileFormatDefault
		$0.TextStylePolicy = $2
		$2.inheritsSet = null
		$2.scope = text/x-csharp
		$0.CSharpFormattingPolicy = $3
		$3.IndentSwitchBody = True
		$3.ElseIfNewLinePlacement = SameLine
		$3.BeforeMethodDeclarationParentheses = False
		$3.BeforeMethodCallParentheses = False
		$3.BeforeConstructorDeclarationParentheses = False
		$3.BeforeIndexerDeclarationBracket = False
		$3.BeforeDelegateDeclarationParentheses = False
		$3.NewParentheses = False
		$3.SpacesBeforeBrackets = False
		$3.inheritsSet = Mono
		$3.inheritsScope = text/x-csharp
		$3.scope = text/x-csharp
		$0.TextStylePolicy = $4
		$4.TabWidth = 2
		$4.IndentWidth = 2
		$4.NoTabsAfterNonTabs = True
		$4.EolMarker = Unix
		$4.inheritsSet = VisualStudio
		$4.inheritsScope = text/plain
		$4.scope = text/plain
		$0.TextStylePolicy = $5
		$5.inheritsSet = null
		$5.scope = application/x-pem-key
		$0.TextStylePolicy = $6
		$6.inheritsSet = null
		$6.scope = text/microsoft-resx
		$0.XmlFormattingPolicy = $7
		$7.inheritsSet = null
		$7.scope = text/microsoft-resx
		$0.TextStylePolicy = $8
		$8.inheritsSet = null
		$8.scope = application/xml
		$0.XmlFormattingPolicy = $9
		$9.inheritsSet = Mono
		$9.inheritsScope = application/xml
		$9.scope = application/xml
		$0.TextStylePolicy = $10
		$10.inheritsSet = null
		$10.scope = application/x-designer
		$0.TextStylePolicy = $11
		$11.inheritsSet = null
		$11.scope = application/config+xml
		$0.XmlFormattingPolicy = $12
		$12.inheritsSet = null
		$12.scope = application/config+xml
		$0.TextStylePolicy = $13
		$13.inheritsSet = null
		$13.scope = application/x-desktop
		version = 0.4.0
	EndGlobalSection
	GlobalSection(SolutionProperties) = preSolution
		HideSolutionNode = FALSE
	EndGlobalSection
EndGlobal
