
Microsoft Visual Studio Solution File, Format Version 11.00
# Visual Studio 2010
Project("{FAE04EC0-301F-11D3-BF4B-00C04F79EFBC}") = "SshAgentLib.Qt", "SshAgentLib.Qt.csproj", "{71DDF18D-2CA7-46E3-866C-6CC7294E0B69}"
EndProject
Global
	GlobalSection(SolutionConfigurationPlatforms) = preSolution
		Debug|Any CPU = Debug|Any CPU
		Release|Any CPU = Release|Any CPU
	EndGlobalSection
	GlobalSection(ProjectConfigurationPlatforms) = postSolution
		{71DDF18D-2CA7-46E3-866C-6CC7294E0B69}.Debug|Any CPU.ActiveCfg = Debug|Any CPU
		{71DDF18D-2CA7-46E3-866C-6CC7294E0B69}.Debug|Any CPU.Build.0 = Debug|Any CPU
		{71DDF18D-2CA7-46E3-866C-6CC7294E0B69}.Release|Any CPU.ActiveCfg = Release|Any CPU
		{71DDF18D-2CA7-46E3-866C-6CC7294E0B69}.Release|Any CPU.Build.0 = Release|Any CPU
	EndGlobalSection
	GlobalSection(MonoDevelopProperties) = preSolution
		StartupItem = SshAgentLib.Qt.csproj
	EndGlobalSection
EndGlobal
